// !$*UTF8*$!
{
	archiveVersion = 1;
	classes = {
	};
	objectVersion = 56;
	objects = {

/* Begin PBXBuildFile section */
		6B055EE92944DA3C004DA8F4 /* MyMath.swift in Sources */ = {isa = PBXBuildFile; fileRef = 6B055EE82944DA3C004DA8F4 /* MyMath.swift */; };
		6B1607E2292C491A00264477 /* ModifyViewController.swift in Sources */ = {isa = PBXBuildFile; fileRef = 6B1607E1292C491A00264477 /* ModifyViewController.swift */; };
		6B175123292C9C4A005B65F4 /* Extensions.swift in Sources */ = {isa = PBXBuildFile; fileRef = 6B175122292C9C4A005B65F4 /* Extensions.swift */; };
		6B175125292CAD4B005B65F4 /* ModifyVerification.swift in Sources */ = {isa = PBXBuildFile; fileRef = 6B175124292CAD4B005B65F4 /* ModifyVerification.swift */; };
		6B1B12392945718000140F05 /* MyViewModel.swift in Sources */ = {isa = PBXBuildFile; fileRef = 6B1B12382945718000140F05 /* MyViewModel.swift */; };
		6B1B12482945E73700140F05 /* MyAccountViewController.swift in Sources */ = {isa = PBXBuildFile; fileRef = 6B1B12472945E73700140F05 /* MyAccountViewController.swift */; };
		6B1B124D2945FC8600140F05 /* MyAccountUITest.swift in Sources */ = {isa = PBXBuildFile; fileRef = 6B1B124C2945FC8600140F05 /* MyAccountUITest.swift */; };
		6B3809F6292AE77100C2A4D1 /* Publish.swift in Sources */ = {isa = PBXBuildFile; fileRef = 6B3809F5292AE77100C2A4D1 /* Publish.swift */; };
		6B3E0038292DAC9700779994 /* DebounceViewController.swift in Sources */ = {isa = PBXBuildFile; fileRef = 6B3E0037292DAC9700779994 /* DebounceViewController.swift */; };
		6B3E003F292E204200779994 /* SnapKit in Frameworks */ = {isa = PBXBuildFile; productRef = 6B3E003E292E204200779994 /* SnapKit */; };
		6B5BAC882925EF4E0020B1DC /* Practice.swift in Sources */ = {isa = PBXBuildFile; fileRef = 6B5BAC872925EF4E0020B1DC /* Practice.swift */; };
		6B5BAC8D2925F4C80020B1DC /* Sink.swift in Sources */ = {isa = PBXBuildFile; fileRef = 6B5BAC8C2925F4C70020B1DC /* Sink.swift */; };
		6B5BAC8F2925F4D10020B1DC /* Assign.swift in Sources */ = {isa = PBXBuildFile; fileRef = 6B5BAC8E2925F4D10020B1DC /* Assign.swift */; };
		6B8DD7852942828F001D28E0 /* CombineWithNotification.swift in Sources */ = {isa = PBXBuildFile; fileRef = 6B8DD7842942828F001D28E0 /* CombineWithNotification.swift */; };
		6BAC41EC2924CD9D00A58F0E /* AppDelegate.swift in Sources */ = {isa = PBXBuildFile; fileRef = 6BAC41EB2924CD9D00A58F0E /* AppDelegate.swift */; };
		6BAC41EE2924CD9D00A58F0E /* SceneDelegate.swift in Sources */ = {isa = PBXBuildFile; fileRef = 6BAC41ED2924CD9D00A58F0E /* SceneDelegate.swift */; };
		6BAC41F02924CD9D00A58F0E /* PlayViewController.swift in Sources */ = {isa = PBXBuildFile; fileRef = 6BAC41EF2924CD9D00A58F0E /* PlayViewController.swift */; };
		6BAC41F52924CD9E00A58F0E /* Assets.xcassets in Resources */ = {isa = PBXBuildFile; fileRef = 6BAC41F42924CD9E00A58F0E /* Assets.xcassets */; };
		6BAC41F82924CD9E00A58F0E /* LaunchScreen.storyboard in Resources */ = {isa = PBXBuildFile; fileRef = 6BAC41F62924CD9E00A58F0E /* LaunchScreen.storyboard */; };
		6BAC42032924CD9E00A58F0E /* CombineTestTests.swift in Sources */ = {isa = PBXBuildFile; fileRef = 6BAC42022924CD9E00A58F0E /* CombineTestTests.swift */; };
		6BAC420D2924CD9F00A58F0E /* CombineTestUITests.swift in Sources */ = {isa = PBXBuildFile; fileRef = 6BAC420C2924CD9F00A58F0E /* CombineTestUITests.swift */; };
		6BAC420F2924CD9F00A58F0E /* CombineTestUITestsLaunchTests.swift in Sources */ = {isa = PBXBuildFile; fileRef = 6BAC420E2924CD9F00A58F0E /* CombineTestUITestsLaunchTests.swift */; };
		6BAC421F2924D03B00A58F0E /* AccountInformation.swift in Sources */ = {isa = PBXBuildFile; fileRef = 6BAC421E2924D03B00A58F0E /* AccountInformation.swift */; };
		6BAC42212924D04500A58F0E /* Account.swift in Sources */ = {isa = PBXBuildFile; fileRef = 6BAC42202924D04500A58F0E /* Account.swift */; };
		6BAC42232924D24A00A58F0E /* TabBarController.swift in Sources */ = {isa = PBXBuildFile; fileRef = 6BAC42222924D24A00A58F0E /* TabBarController.swift */; };
		6BAC42272924D32D00A58F0E /* AccountViewController.swift in Sources */ = {isa = PBXBuildFile; fileRef = 6BAC42262924D32D00A58F0E /* AccountViewController.swift */; };
		6BE085BE2927C6C3002BB5E9 /* CurrentValueSubject.swift in Sources */ = {isa = PBXBuildFile; fileRef = 6BE085BD2927C6C3002BB5E9 /* CurrentValueSubject.swift */; };
		6BE085C029280AE4002BB5E9 /* PassthroughSubject.swift in Sources */ = {isa = PBXBuildFile; fileRef = 6BE085BF29280AE4002BB5E9 /* PassthroughSubject.swift */; };
		6BE285FF2944DFFA00B5EA49 /* MyMathTest.swift in Sources */ = {isa = PBXBuildFile; fileRef = 6BE285FE2944DFFA00B5EA49 /* MyMathTest.swift */; };
		6BEEDC1B29290F5900E3F4FD /* ObservableObject.swift in Sources */ = {isa = PBXBuildFile; fileRef = 6BEEDC1A29290F5900E3F4FD /* ObservableObject.swift */; };
/* End PBXBuildFile section */

/* Begin PBXContainerItemProxy section */
		6BAC41FF2924CD9E00A58F0E /* PBXContainerItemProxy */ = {
			isa = PBXContainerItemProxy;
			containerPortal = 6BAC41E02924CD9D00A58F0E /* Project object */;
			proxyType = 1;
			remoteGlobalIDString = 6BAC41E72924CD9D00A58F0E;
			remoteInfo = CombineTest;
		};
		6BAC42092924CD9F00A58F0E /* PBXContainerItemProxy */ = {
			isa = PBXContainerItemProxy;
			containerPortal = 6BAC41E02924CD9D00A58F0E /* Project object */;
			proxyType = 1;
			remoteGlobalIDString = 6BAC41E72924CD9D00A58F0E;
			remoteInfo = CombineTest;
		};
/* End PBXContainerItemProxy section */

/* Begin PBXFileReference section */
		6B055EE82944DA3C004DA8F4 /* MyMath.swift */ = {isa = PBXFileReference; lastKnownFileType = sourcecode.swift; path = MyMath.swift; sourceTree = "<group>"; };
		6B1607E1292C491A00264477 /* ModifyViewController.swift */ = {isa = PBXFileReference; lastKnownFileType = sourcecode.swift; path = ModifyViewController.swift; sourceTree = "<group>"; };
		6B175122292C9C4A005B65F4 /* Extensions.swift */ = {isa = PBXFileReference; lastKnownFileType = sourcecode.swift; path = Extensions.swift; sourceTree = "<group>"; };
		6B175124292CAD4B005B65F4 /* ModifyVerification.swift */ = {isa = PBXFileReference; lastKnownFileType = sourcecode.swift; path = ModifyVerification.swift; sourceTree = "<group>"; };
		6B1B12382945718000140F05 /* MyViewModel.swift */ = {isa = PBXFileReference; lastKnownFileType = sourcecode.swift; path = MyViewModel.swift; sourceTree = "<group>"; };
		6B1B12472945E73700140F05 /* MyAccountViewController.swift */ = {isa = PBXFileReference; lastKnownFileType = sourcecode.swift; path = MyAccountViewController.swift; sourceTree = "<group>"; };
		6B1B124C2945FC8600140F05 /* MyAccountUITest.swift */ = {isa = PBXFileReference; lastKnownFileType = sourcecode.swift; path = MyAccountUITest.swift; sourceTree = "<group>"; };
		6B3809F5292AE77100C2A4D1 /* Publish.swift */ = {isa = PBXFileReference; lastKnownFileType = sourcecode.swift; path = Publish.swift; sourceTree = "<group>"; };
		6B3E0037292DAC9700779994 /* DebounceViewController.swift */ = {isa = PBXFileReference; lastKnownFileType = sourcecode.swift; path = DebounceViewController.swift; sourceTree = "<group>"; };
		6B5BAC872925EF4E0020B1DC /* Practice.swift */ = {isa = PBXFileReference; lastKnownFileType = sourcecode.swift; path = Practice.swift; sourceTree = "<group>"; };
		6B5BAC8C2925F4C70020B1DC /* Sink.swift */ = {isa = PBXFileReference; lastKnownFileType = sourcecode.swift; path = Sink.swift; sourceTree = "<group>"; };
		6B5BAC8E2925F4D10020B1DC /* Assign.swift */ = {isa = PBXFileReference; lastKnownFileType = sourcecode.swift; path = Assign.swift; sourceTree = "<group>"; };
		6B8DD7842942828F001D28E0 /* CombineWithNotification.swift */ = {isa = PBXFileReference; lastKnownFileType = sourcecode.swift; path = CombineWithNotification.swift; sourceTree = "<group>"; };
		6BAC41E82924CD9D00A58F0E /* CombineTest.app */ = {isa = PBXFileReference; explicitFileType = wrapper.application; includeInIndex = 0; path = CombineTest.app; sourceTree = BUILT_PRODUCTS_DIR; };
		6BAC41EB2924CD9D00A58F0E /* AppDelegate.swift */ = {isa = PBXFileReference; lastKnownFileType = sourcecode.swift; path = AppDelegate.swift; sourceTree = "<group>"; };
		6BAC41ED2924CD9D00A58F0E /* SceneDelegate.swift */ = {isa = PBXFileReference; lastKnownFileType = sourcecode.swift; path = SceneDelegate.swift; sourceTree = "<group>"; };
		6BAC41EF2924CD9D00A58F0E /* PlayViewController.swift */ = {isa = PBXFileReference; lastKnownFileType = sourcecode.swift; path = PlayViewController.swift; sourceTree = "<group>"; };
		6BAC41F42924CD9E00A58F0E /* Assets.xcassets */ = {isa = PBXFileReference; lastKnownFileType = folder.assetcatalog; path = Assets.xcassets; sourceTree = "<group>"; };
		6BAC41F72924CD9E00A58F0E /* Base */ = {isa = PBXFileReference; lastKnownFileType = file.storyboard; name = Base; path = Base.lproj/LaunchScreen.storyboard; sourceTree = "<group>"; };
		6BAC41F92924CD9E00A58F0E /* Info.plist */ = {isa = PBXFileReference; lastKnownFileType = text.plist.xml; path = Info.plist; sourceTree = "<group>"; };
		6BAC41FE2924CD9E00A58F0E /* CombineTestTests.xctest */ = {isa = PBXFileReference; explicitFileType = wrapper.cfbundle; includeInIndex = 0; path = CombineTestTests.xctest; sourceTree = BUILT_PRODUCTS_DIR; };
		6BAC42022924CD9E00A58F0E /* CombineTestTests.swift */ = {isa = PBXFileReference; lastKnownFileType = sourcecode.swift; path = CombineTestTests.swift; sourceTree = "<group>"; };
		6BAC42082924CD9F00A58F0E /* CombineTestUITests.xctest */ = {isa = PBXFileReference; explicitFileType = wrapper.cfbundle; includeInIndex = 0; path = CombineTestUITests.xctest; sourceTree = BUILT_PRODUCTS_DIR; };
		6BAC420C2924CD9F00A58F0E /* CombineTestUITests.swift */ = {isa = PBXFileReference; lastKnownFileType = sourcecode.swift; path = CombineTestUITests.swift; sourceTree = "<group>"; };
		6BAC420E2924CD9F00A58F0E /* CombineTestUITestsLaunchTests.swift */ = {isa = PBXFileReference; lastKnownFileType = sourcecode.swift; path = CombineTestUITestsLaunchTests.swift; sourceTree = "<group>"; };
		6BAC421E2924D03B00A58F0E /* AccountInformation.swift */ = {isa = PBXFileReference; lastKnownFileType = sourcecode.swift; path = AccountInformation.swift; sourceTree = "<group>"; };
		6BAC42202924D04500A58F0E /* Account.swift */ = {isa = PBXFileReference; lastKnownFileType = sourcecode.swift; path = Account.swift; sourceTree = "<group>"; };
		6BAC42222924D24A00A58F0E /* TabBarController.swift */ = {isa = PBXFileReference; lastKnownFileType = sourcecode.swift; path = TabBarController.swift; sourceTree = "<group>"; };
		6BAC42262924D32D00A58F0E /* AccountViewController.swift */ = {isa = PBXFileReference; lastKnownFileType = sourcecode.swift; path = AccountViewController.swift; sourceTree = "<group>"; };
		6BE085BD2927C6C3002BB5E9 /* CurrentValueSubject.swift */ = {isa = PBXFileReference; lastKnownFileType = sourcecode.swift; path = CurrentValueSubject.swift; sourceTree = "<group>"; };
		6BE085BF29280AE4002BB5E9 /* PassthroughSubject.swift */ = {isa = PBXFileReference; lastKnownFileType = sourcecode.swift; path = PassthroughSubject.swift; sourceTree = "<group>"; };
		6BE285FE2944DFFA00B5EA49 /* MyMathTest.swift */ = {isa = PBXFileReference; lastKnownFileType = sourcecode.swift; path = MyMathTest.swift; sourceTree = "<group>"; };
		6BE8213E29472A6700B6BB8C /* CombineTestPlan.xctestplan */ = {isa = PBXFileReference; lastKnownFileType = text; path = CombineTestPlan.xctestplan; sourceTree = "<group>"; };
		6BEEDC1A29290F5900E3F4FD /* ObservableObject.swift */ = {isa = PBXFileReference; lastKnownFileType = sourcecode.swift; path = ObservableObject.swift; sourceTree = "<group>"; };
/* End PBXFileReference section */

/* Begin PBXFrameworksBuildPhase section */
		6BAC41E52924CD9D00A58F0E /* Frameworks */ = {
			isa = PBXFrameworksBuildPhase;
			buildActionMask = 2147483647;
			files = (
				6B3E003F292E204200779994 /* SnapKit in Frameworks */,
			);
			runOnlyForDeploymentPostprocessing = 0;
		};
		6BAC41FB2924CD9E00A58F0E /* Frameworks */ = {
			isa = PBXFrameworksBuildPhase;
			buildActionMask = 2147483647;
			files = (
			);
			runOnlyForDeploymentPostprocessing = 0;
		};
		6BAC42052924CD9F00A58F0E /* Frameworks */ = {
			isa = PBXFrameworksBuildPhase;
			buildActionMask = 2147483647;
			files = (
			);
			runOnlyForDeploymentPostprocessing = 0;
		};
/* End PBXFrameworksBuildPhase section */

/* Begin PBXGroup section */
		6B055EE52944D9B0004DA8F4 /* Tests */ = {
			isa = PBXGroup;
			children = (
				6B055EE82944DA3C004DA8F4 /* MyMath.swift */,
				6B1B12472945E73700140F05 /* MyAccountViewController.swift */,
			);
			path = Tests;
			sourceTree = "<group>";
		};
		6B175126292CAD4E005B65F4 /* Account */ = {
			isa = PBXGroup;
			children = (
				6BAC421E2924D03B00A58F0E /* AccountInformation.swift */,
				6BAC42262924D32D00A58F0E /* AccountViewController.swift */,
			);
			path = Account;
			sourceTree = "<group>";
		};
		6B175127292CAD68005B65F4 /* Modify */ = {
			isa = PBXGroup;
			children = (
				6B1607E1292C491A00264477 /* ModifyViewController.swift */,
				6B175124292CAD4B005B65F4 /* ModifyVerification.swift */,
			);
			path = Modify;
			sourceTree = "<group>";
		};
		6B175128292CAD83005B65F4 /* Model */ = {
			isa = PBXGroup;
			children = (
				6BAC42202924D04500A58F0E /* Account.swift */,
			);
			path = Model;
			sourceTree = "<group>";
		};
		6B3809F4292AE6C700C2A4D1 /* Publish */ = {
			isa = PBXGroup;
			children = (
				6B3809F5292AE77100C2A4D1 /* Publish.swift */,
			);
			path = Publish;
			sourceTree = "<group>";
		};
		6B3E0039292DACFE00779994 /* Extensions */ = {
			isa = PBXGroup;
			children = (
				6B175122292C9C4A005B65F4 /* Extensions.swift */,
			);
			path = Extensions;
			sourceTree = "<group>";
		};
		6B5BAC892925F1B40020B1DC /* Practice Code */ = {
			isa = PBXGroup;
			children = (
				6B5BAC872925EF4E0020B1DC /* Practice.swift */,
				6B3809F4292AE6C700C2A4D1 /* Publish */,
				6BEEDC1929290F3600E3F4FD /* Observable Objects */,
				6BEEDC1829290F0400E3F4FD /* Subscriber */,
				6BEEDC1729290EDE00E3F4FD /* Subject */,
			);
			path = "Practice Code";
			sourceTree = "<group>";
		};
		6B8DD78329428121001D28E0 /* Notification */ = {
			isa = PBXGroup;
			children = (
				6B8DD7842942828F001D28E0 /* CombineWithNotification.swift */,
				6B1B12382945718000140F05 /* MyViewModel.swift */,
			);
			path = Notification;
			sourceTree = "<group>";
		};
		6BAC41DF2924CD9D00A58F0E = {
			isa = PBXGroup;
			children = (
				6BAC41EA2924CD9D00A58F0E /* CombineTest */,
				6BAC42012924CD9E00A58F0E /* CombineTestTests */,
				6BAC420B2924CD9F00A58F0E /* CombineTestUITests */,
				6BAC41E92924CD9D00A58F0E /* Products */,
			);
			sourceTree = "<group>";
		};
		6BAC41E92924CD9D00A58F0E /* Products */ = {
			isa = PBXGroup;
			children = (
				6BAC41E82924CD9D00A58F0E /* CombineTest.app */,
				6BAC41FE2924CD9E00A58F0E /* CombineTestTests.xctest */,
				6BAC42082924CD9F00A58F0E /* CombineTestUITests.xctest */,
			);
			name = Products;
			sourceTree = "<group>";
		};
		6BAC41EA2924CD9D00A58F0E /* CombineTest */ = {
			isa = PBXGroup;
			children = (
				6BAC42252924D27B00A58F0E /* Delegate */,
				6B3E0039292DACFE00779994 /* Extensions */,
				6BAC42242924D26600A58F0E /* TabBar */,
				6BE51B6F2924F69F003E5753 /* MVVM&Combine */,
				6BE51B6E2924F687003E5753 /* PlayGround */,
				6B8DD78329428121001D28E0 /* Notification */,
				6B055EE52944D9B0004DA8F4 /* Tests */,
				6BAC41F42924CD9E00A58F0E /* Assets.xcassets */,
				6BAC41F62924CD9E00A58F0E /* LaunchScreen.storyboard */,
				6BAC41F92924CD9E00A58F0E /* Info.plist */,
			);
			path = CombineTest;
			sourceTree = "<group>";
		};
		6BAC42012924CD9E00A58F0E /* CombineTestTests */ = {
			isa = PBXGroup;
			children = (
				6BE8213E29472A6700B6BB8C /* CombineTestPlan.xctestplan */,
				6BAC42022924CD9E00A58F0E /* CombineTestTests.swift */,
				6BE285FE2944DFFA00B5EA49 /* MyMathTest.swift */,
			);
			path = CombineTestTests;
			sourceTree = "<group>";
		};
		6BAC420B2924CD9F00A58F0E /* CombineTestUITests */ = {
			isa = PBXGroup;
			children = (
				6BAC420C2924CD9F00A58F0E /* CombineTestUITests.swift */,
				6BAC420E2924CD9F00A58F0E /* CombineTestUITestsLaunchTests.swift */,
				6B1B124C2945FC8600140F05 /* MyAccountUITest.swift */,
			);
			path = CombineTestUITests;
			sourceTree = "<group>";
		};
		6BAC42242924D26600A58F0E /* TabBar */ = {
			isa = PBXGroup;
			children = (
				6BAC42222924D24A00A58F0E /* TabBarController.swift */,
			);
			path = TabBar;
			sourceTree = "<group>";
		};
		6BAC42252924D27B00A58F0E /* Delegate */ = {
			isa = PBXGroup;
			children = (
				6BAC41EB2924CD9D00A58F0E /* AppDelegate.swift */,
				6BAC41ED2924CD9D00A58F0E /* SceneDelegate.swift */,
			);
			path = Delegate;
			sourceTree = "<group>";
		};
		6BE51B6E2924F687003E5753 /* PlayGround */ = {
			isa = PBXGroup;
			children = (
				6B5BAC892925F1B40020B1DC /* Practice Code */,
				6BAC41EF2924CD9D00A58F0E /* PlayViewController.swift */,
				6B3E0037292DAC9700779994 /* DebounceViewController.swift */,
			);
			path = PlayGround;
			sourceTree = "<group>";
		};
		6BE51B6F2924F69F003E5753 /* MVVM&Combine */ = {
			isa = PBXGroup;
			children = (
				6B175128292CAD83005B65F4 /* Model */,
				6B175127292CAD68005B65F4 /* Modify */,
				6B175126292CAD4E005B65F4 /* Account */,
			);
			path = "MVVM&Combine";
			sourceTree = "<group>";
		};
		6BEEDC1729290EDE00E3F4FD /* Subject */ = {
			isa = PBXGroup;
			children = (
				6BE085BD2927C6C3002BB5E9 /* CurrentValueSubject.swift */,
				6BE085BF29280AE4002BB5E9 /* PassthroughSubject.swift */,
			);
			path = Subject;
			sourceTree = "<group>";
		};
		6BEEDC1829290F0400E3F4FD /* Subscriber */ = {
			isa = PBXGroup;
			children = (
				6B5BAC8C2925F4C70020B1DC /* Sink.swift */,
				6B5BAC8E2925F4D10020B1DC /* Assign.swift */,
			);
			path = Subscriber;
			sourceTree = "<group>";
		};
		6BEEDC1929290F3600E3F4FD /* Observable Objects */ = {
			isa = PBXGroup;
			children = (
				6BEEDC1A29290F5900E3F4FD /* ObservableObject.swift */,
			);
			path = "Observable Objects";
			sourceTree = "<group>";
		};
/* End PBXGroup section */

/* Begin PBXNativeTarget section */
		6BAC41E72924CD9D00A58F0E /* CombineTest */ = {
			isa = PBXNativeTarget;
			buildConfigurationList = 6BAC42122924CD9F00A58F0E /* Build configuration list for PBXNativeTarget "CombineTest" */;
			buildPhases = (
				6BAC41E42924CD9D00A58F0E /* Sources */,
				6BAC41E52924CD9D00A58F0E /* Frameworks */,
				6BAC41E62924CD9D00A58F0E /* Resources */,
			);
			buildRules = (
			);
			dependencies = (
			);
			name = CombineTest;
			packageProductDependencies = (
				6B3E003E292E204200779994 /* SnapKit */,
			);
			productName = CombineTest;
			productReference = 6BAC41E82924CD9D00A58F0E /* CombineTest.app */;
			productType = "com.apple.product-type.application";
		};
		6BAC41FD2924CD9E00A58F0E /* CombineTestTests */ = {
			isa = PBXNativeTarget;
			buildConfigurationList = 6BAC42152924CD9F00A58F0E /* Build configuration list for PBXNativeTarget "CombineTestTests" */;
			buildPhases = (
				6BAC41FA2924CD9E00A58F0E /* Sources */,
				6BAC41FB2924CD9E00A58F0E /* Frameworks */,
				6BAC41FC2924CD9E00A58F0E /* Resources */,
			);
			buildRules = (
			);
			dependencies = (
				6BAC42002924CD9E00A58F0E /* PBXTargetDependency */,
			);
			name = CombineTestTests;
			productName = CombineTestTests;
			productReference = 6BAC41FE2924CD9E00A58F0E /* CombineTestTests.xctest */;
			productType = "com.apple.product-type.bundle.unit-test";
		};
		6BAC42072924CD9F00A58F0E /* CombineTestUITests */ = {
			isa = PBXNativeTarget;
			buildConfigurationList = 6BAC42182924CD9F00A58F0E /* Build configuration list for PBXNativeTarget "CombineTestUITests" */;
			buildPhases = (
				6BAC42042924CD9F00A58F0E /* Sources */,
				6BAC42052924CD9F00A58F0E /* Frameworks */,
				6BAC42062924CD9F00A58F0E /* Resources */,
			);
			buildRules = (
			);
			dependencies = (
				6BAC420A2924CD9F00A58F0E /* PBXTargetDependency */,
			);
			name = CombineTestUITests;
			productName = CombineTestUITests;
			productReference = 6BAC42082924CD9F00A58F0E /* CombineTestUITests.xctest */;
			productType = "com.apple.product-type.bundle.ui-testing";
		};
/* End PBXNativeTarget section */

/* Begin PBXProject section */
		6BAC41E02924CD9D00A58F0E /* Project object */ = {
			isa = PBXProject;
			attributes = {
				BuildIndependentTargetsInParallel = 1;
				LastSwiftUpdateCheck = 1410;
				LastUpgradeCheck = 1410;
				TargetAttributes = {
					6BAC41E72924CD9D00A58F0E = {
						CreatedOnToolsVersion = 14.1;
					};
					6BAC41FD2924CD9E00A58F0E = {
						CreatedOnToolsVersion = 14.1;
						TestTargetID = 6BAC41E72924CD9D00A58F0E;
					};
					6BAC42072924CD9F00A58F0E = {
						CreatedOnToolsVersion = 14.1;
						TestTargetID = 6BAC41E72924CD9D00A58F0E;
					};
				};
			};
			buildConfigurationList = 6BAC41E32924CD9D00A58F0E /* Build configuration list for PBXProject "CombineTest" */;
			compatibilityVersion = "Xcode 14.0";
			developmentRegion = en;
			hasScannedForEncodings = 0;
			knownRegions = (
				en,
				Base,
			);
			mainGroup = 6BAC41DF2924CD9D00A58F0E;
			packageReferences = (
				6B3E003D292E204200779994 /* XCRemoteSwiftPackageReference "SnapKit" */,
			);
			productRefGroup = 6BAC41E92924CD9D00A58F0E /* Products */;
			projectDirPath = "";
			projectRoot = "";
			targets = (
				6BAC41E72924CD9D00A58F0E /* CombineTest */,
				6BAC41FD2924CD9E00A58F0E /* CombineTestTests */,
				6BAC42072924CD9F00A58F0E /* CombineTestUITests */,
			);
		};
/* End PBXProject section */

/* Begin PBXResourcesBuildPhase section */
		6BAC41E62924CD9D00A58F0E /* Resources */ = {
			isa = PBXResourcesBuildPhase;
			buildActionMask = 2147483647;
			files = (
				6BAC41F82924CD9E00A58F0E /* LaunchScreen.storyboard in Resources */,
				6BAC41F52924CD9E00A58F0E /* Assets.xcassets in Resources */,
			);
			runOnlyForDeploymentPostprocessing = 0;
		};
		6BAC41FC2924CD9E00A58F0E /* Resources */ = {
			isa = PBXResourcesBuildPhase;
			buildActionMask = 2147483647;
			files = (
			);
			runOnlyForDeploymentPostprocessing = 0;
		};
		6BAC42062924CD9F00A58F0E /* Resources */ = {
			isa = PBXResourcesBuildPhase;
			buildActionMask = 2147483647;
			files = (
			);
			runOnlyForDeploymentPostprocessing = 0;
		};
/* End PBXResourcesBuildPhase section */

/* Begin PBXSourcesBuildPhase section */
		6BAC41E42924CD9D00A58F0E /* Sources */ = {
			isa = PBXSourcesBuildPhase;
			buildActionMask = 2147483647;
			files = (
				6BAC42212924D04500A58F0E /* Account.swift in Sources */,
				6B5BAC8F2925F4D10020B1DC /* Assign.swift in Sources */,
				6B5BAC8D2925F4C80020B1DC /* Sink.swift in Sources */,
				6BE085C029280AE4002BB5E9 /* PassthroughSubject.swift in Sources */,
				6B175125292CAD4B005B65F4 /* ModifyVerification.swift in Sources */,
				6B1B12392945718000140F05 /* MyViewModel.swift in Sources */,
				6BE085BE2927C6C3002BB5E9 /* CurrentValueSubject.swift in Sources */,
				6B8DD7852942828F001D28E0 /* CombineWithNotification.swift in Sources */,
				6B5BAC882925EF4E0020B1DC /* Practice.swift in Sources */,
				6BAC41F02924CD9D00A58F0E /* PlayViewController.swift in Sources */,
				6BAC41EC2924CD9D00A58F0E /* AppDelegate.swift in Sources */,
				6B3E0038292DAC9700779994 /* DebounceViewController.swift in Sources */,
				6BAC42272924D32D00A58F0E /* AccountViewController.swift in Sources */,
				6BEEDC1B29290F5900E3F4FD /* ObservableObject.swift in Sources */,
				6BAC42232924D24A00A58F0E /* TabBarController.swift in Sources */,
				6B175123292C9C4A005B65F4 /* Extensions.swift in Sources */,
				6B1B12482945E73700140F05 /* MyAccountViewController.swift in Sources */,
				6BAC421F2924D03B00A58F0E /* AccountInformation.swift in Sources */,
				6B3809F6292AE77100C2A4D1 /* Publish.swift in Sources */,
				6B1607E2292C491A00264477 /* ModifyViewController.swift in Sources */,
				6BAC41EE2924CD9D00A58F0E /* SceneDelegate.swift in Sources */,
				6B055EE92944DA3C004DA8F4 /* MyMath.swift in Sources */,
			);
			runOnlyForDeploymentPostprocessing = 0;
		};
		6BAC41FA2924CD9E00A58F0E /* Sources */ = {
			isa = PBXSourcesBuildPhase;
			buildActionMask = 2147483647;
			files = (
				6BAC42032924CD9E00A58F0E /* CombineTestTests.swift in Sources */,
				6BE285FF2944DFFA00B5EA49 /* MyMathTest.swift in Sources */,
			);
			runOnlyForDeploymentPostprocessing = 0;
		};
		6BAC42042924CD9F00A58F0E /* Sources */ = {
			isa = PBXSourcesBuildPhase;
			buildActionMask = 2147483647;
			files = (
				6BAC420F2924CD9F00A58F0E /* CombineTestUITestsLaunchTests.swift in Sources */,
				6B1B124D2945FC8600140F05 /* MyAccountUITest.swift in Sources */,
				6BAC420D2924CD9F00A58F0E /* CombineTestUITests.swift in Sources */,
			);
			runOnlyForDeploymentPostprocessing = 0;
		};
/* End PBXSourcesBuildPhase section */

/* Begin PBXTargetDependency section */
		6BAC42002924CD9E00A58F0E /* PBXTargetDependency */ = {
			isa = PBXTargetDependency;
			target = 6BAC41E72924CD9D00A58F0E /* CombineTest */;
			targetProxy = 6BAC41FF2924CD9E00A58F0E /* PBXContainerItemProxy */;
		};
		6BAC420A2924CD9F00A58F0E /* PBXTargetDependency */ = {
			isa = PBXTargetDependency;
			target = 6BAC41E72924CD9D00A58F0E /* CombineTest */;
			targetProxy = 6BAC42092924CD9F00A58F0E /* PBXContainerItemProxy */;
		};
/* End PBXTargetDependency section */

/* Begin PBXVariantGroup section */
		6BAC41F62924CD9E00A58F0E /* LaunchScreen.storyboard */ = {
			isa = PBXVariantGroup;
			children = (
				6BAC41F72924CD9E00A58F0E /* Base */,
			);
			name = LaunchScreen.storyboard;
			sourceTree = "<group>";
		};
/* End PBXVariantGroup section */

/* Begin XCBuildConfiguration section */
		6BAC42102924CD9F00A58F0E /* Debug */ = {
			isa = XCBuildConfiguration;
			buildSettings = {
				ALWAYS_SEARCH_USER_PATHS = NO;
				CLANG_ANALYZER_NONNULL = YES;
				CLANG_ANALYZER_NUMBER_OBJECT_CONVERSION = YES_AGGRESSIVE;
				CLANG_CXX_LANGUAGE_STANDARD = "gnu++20";
				CLANG_ENABLE_MODULES = YES;
				CLANG_ENABLE_OBJC_ARC = YES;
				CLANG_ENABLE_OBJC_WEAK = YES;
				CLANG_WARN_BLOCK_CAPTURE_AUTORELEASING = YES;
				CLANG_WARN_BOOL_CONVERSION = YES;
				CLANG_WARN_COMMA = YES;
				CLANG_WARN_CONSTANT_CONVERSION = YES;
				CLANG_WARN_DEPRECATED_OBJC_IMPLEMENTATIONS = YES;
				CLANG_WARN_DIRECT_OBJC_ISA_USAGE = YES_ERROR;
				CLANG_WARN_DOCUMENTATION_COMMENTS = YES;
				CLANG_WARN_EMPTY_BODY = YES;
				CLANG_WARN_ENUM_CONVERSION = YES;
				CLANG_WARN_INFINITE_RECURSION = YES;
				CLANG_WARN_INT_CONVERSION = YES;
				CLANG_WARN_NON_LITERAL_NULL_CONVERSION = YES;
				CLANG_WARN_OBJC_IMPLICIT_RETAIN_SELF = YES;
				CLANG_WARN_OBJC_LITERAL_CONVERSION = YES;
				CLANG_WARN_OBJC_ROOT_CLASS = YES_ERROR;
				CLANG_WARN_QUOTED_INCLUDE_IN_FRAMEWORK_HEADER = YES;
				CLANG_WARN_RANGE_LOOP_ANALYSIS = YES;
				CLANG_WARN_STRICT_PROTOTYPES = YES;
				CLANG_WARN_SUSPICIOUS_MOVE = YES;
				CLANG_WARN_UNGUARDED_AVAILABILITY = YES_AGGRESSIVE;
				CLANG_WARN_UNREACHABLE_CODE = YES;
				CLANG_WARN__DUPLICATE_METHOD_MATCH = YES;
				COPY_PHASE_STRIP = NO;
				DEBUG_INFORMATION_FORMAT = dwarf;
				ENABLE_STRICT_OBJC_MSGSEND = YES;
				ENABLE_TESTABILITY = YES;
				GCC_C_LANGUAGE_STANDARD = gnu11;
				GCC_DYNAMIC_NO_PIC = NO;
				GCC_NO_COMMON_BLOCKS = YES;
				GCC_OPTIMIZATION_LEVEL = 0;
				GCC_PREPROCESSOR_DEFINITIONS = (
					"DEBUG=1",
					"$(inherited)",
				);
				GCC_WARN_64_TO_32_BIT_CONVERSION = YES;
				GCC_WARN_ABOUT_RETURN_TYPE = YES_ERROR;
				GCC_WARN_UNDECLARED_SELECTOR = YES;
				GCC_WARN_UNINITIALIZED_AUTOS = YES_AGGRESSIVE;
				GCC_WARN_UNUSED_FUNCTION = YES;
				GCC_WARN_UNUSED_VARIABLE = YES;
				IPHONEOS_DEPLOYMENT_TARGET = 16.1;
				MTL_ENABLE_DEBUG_INFO = INCLUDE_SOURCE;
				MTL_FAST_MATH = YES;
				ONLY_ACTIVE_ARCH = YES;
				SDKROOT = iphoneos;
				SWIFT_ACTIVE_COMPILATION_CONDITIONS = DEBUG;
				SWIFT_OPTIMIZATION_LEVEL = "-Onone";
			};
			name = Debug;
		};
		6BAC42112924CD9F00A58F0E /* Release */ = {
			isa = XCBuildConfiguration;
			buildSettings = {
				ALWAYS_SEARCH_USER_PATHS = NO;
				CLANG_ANALYZER_NONNULL = YES;
				CLANG_ANALYZER_NUMBER_OBJECT_CONVERSION = YES_AGGRESSIVE;
				CLANG_CXX_LANGUAGE_STANDARD = "gnu++20";
				CLANG_ENABLE_MODULES = YES;
				CLANG_ENABLE_OBJC_ARC = YES;
				CLANG_ENABLE_OBJC_WEAK = YES;
				CLANG_WARN_BLOCK_CAPTURE_AUTORELEASING = YES;
				CLANG_WARN_BOOL_CONVERSION = YES;
				CLANG_WARN_COMMA = YES;
				CLANG_WARN_CONSTANT_CONVERSION = YES;
				CLANG_WARN_DEPRECATED_OBJC_IMPLEMENTATIONS = YES;
				CLANG_WARN_DIRECT_OBJC_ISA_USAGE = YES_ERROR;
				CLANG_WARN_DOCUMENTATION_COMMENTS = YES;
				CLANG_WARN_EMPTY_BODY = YES;
				CLANG_WARN_ENUM_CONVERSION = YES;
				CLANG_WARN_INFINITE_RECURSION = YES;
				CLANG_WARN_INT_CONVERSION = YES;
				CLANG_WARN_NON_LITERAL_NULL_CONVERSION = YES;
				CLANG_WARN_OBJC_IMPLICIT_RETAIN_SELF = YES;
				CLANG_WARN_OBJC_LITERAL_CONVERSION = YES;
				CLANG_WARN_OBJC_ROOT_CLASS = YES_ERROR;
				CLANG_WARN_QUOTED_INCLUDE_IN_FRAMEWORK_HEADER = YES;
				CLANG_WARN_RANGE_LOOP_ANALYSIS = YES;
				CLANG_WARN_STRICT_PROTOTYPES = YES;
				CLANG_WARN_SUSPICIOUS_MOVE = YES;
				CLANG_WARN_UNGUARDED_AVAILABILITY = YES_AGGRESSIVE;
				CLANG_WARN_UNREACHABLE_CODE = YES;
				CLANG_WARN__DUPLICATE_METHOD_MATCH = YES;
				COPY_PHASE_STRIP = NO;
				DEBUG_INFORMATION_FORMAT = "dwarf-with-dsym";
				ENABLE_NS_ASSERTIONS = NO;
				ENABLE_STRICT_OBJC_MSGSEND = YES;
				GCC_C_LANGUAGE_STANDARD = gnu11;
				GCC_NO_COMMON_BLOCKS = YES;
				GCC_WARN_64_TO_32_BIT_CONVERSION = YES;
				GCC_WARN_ABOUT_RETURN_TYPE = YES_ERROR;
				GCC_WARN_UNDECLARED_SELECTOR = YES;
				GCC_WARN_UNINITIALIZED_AUTOS = YES_AGGRESSIVE;
				GCC_WARN_UNUSED_FUNCTION = YES;
				GCC_WARN_UNUSED_VARIABLE = YES;
				IPHONEOS_DEPLOYMENT_TARGET = 16.1;
				MTL_ENABLE_DEBUG_INFO = NO;
				MTL_FAST_MATH = YES;
				SDKROOT = iphoneos;
				SWIFT_COMPILATION_MODE = wholemodule;
				SWIFT_OPTIMIZATION_LEVEL = "-O";
				VALIDATE_PRODUCT = YES;
			};
			name = Release;
		};
		6BAC42132924CD9F00A58F0E /* Debug */ = {
			isa = XCBuildConfiguration;
			buildSettings = {
				ASSETCATALOG_COMPILER_APPICON_NAME = AppIcon;
				ASSETCATALOG_COMPILER_GLOBAL_ACCENT_COLOR_NAME = AccentColor;
				CODE_SIGN_STYLE = Automatic;
				CURRENT_PROJECT_VERSION = 1;
				DEVELOPMENT_TEAM = 65KV6R2AGS;
				GENERATE_INFOPLIST_FILE = YES;
				INFOPLIST_FILE = CombineTest/Info.plist;
				INFOPLIST_KEY_UIApplicationSupportsIndirectInputEvents = YES;
				INFOPLIST_KEY_UILaunchStoryboardName = LaunchScreen;
				INFOPLIST_KEY_UISupportedInterfaceOrientations_iPad = "UIInterfaceOrientationPortrait UIInterfaceOrientationPortraitUpsideDown UIInterfaceOrientationLandscapeLeft UIInterfaceOrientationLandscapeRight";
				INFOPLIST_KEY_UISupportedInterfaceOrientations_iPhone = "UIInterfaceOrientationPortrait UIInterfaceOrientationLandscapeLeft UIInterfaceOrientationLandscapeRight";
				LD_RUNPATH_SEARCH_PATHS = (
					"$(inherited)",
					"@executable_path/Frameworks",
				);
				MARKETING_VERSION = 1.0;
				PRODUCT_BUNDLE_IDENTIFIER = Yeolmok.CombineTest;
				PRODUCT_NAME = "$(TARGET_NAME)";
				SWIFT_EMIT_LOC_STRINGS = YES;
				SWIFT_VERSION = 5.0;
				TARGETED_DEVICE_FAMILY = "1,2";
			};
			name = Debug;
		};
		6BAC42142924CD9F00A58F0E /* Release */ = {
			isa = XCBuildConfiguration;
			buildSettings = {
				ASSETCATALOG_COMPILER_APPICON_NAME = AppIcon;
				ASSETCATALOG_COMPILER_GLOBAL_ACCENT_COLOR_NAME = AccentColor;
				CODE_SIGN_STYLE = Automatic;
				CURRENT_PROJECT_VERSION = 1;
				DEVELOPMENT_TEAM = 65KV6R2AGS;
				GENERATE_INFOPLIST_FILE = YES;
				INFOPLIST_FILE = CombineTest/Info.plist;
				INFOPLIST_KEY_UIApplicationSupportsIndirectInputEvents = YES;
				INFOPLIST_KEY_UILaunchStoryboardName = LaunchScreen;
				INFOPLIST_KEY_UISupportedInterfaceOrientations_iPad = "UIInterfaceOrientationPortrait UIInterfaceOrientationPortraitUpsideDown UIInterfaceOrientationLandscapeLeft UIInterfaceOrientationLandscapeRight";
				INFOPLIST_KEY_UISupportedInterfaceOrientations_iPhone = "UIInterfaceOrientationPortrait UIInterfaceOrientationLandscapeLeft UIInterfaceOrientationLandscapeRight";
				LD_RUNPATH_SEARCH_PATHS = (
					"$(inherited)",
					"@executable_path/Frameworks",
				);
				MARKETING_VERSION = 1.0;
				PRODUCT_BUNDLE_IDENTIFIER = Yeolmok.CombineTest;
				PRODUCT_NAME = "$(TARGET_NAME)";
				SWIFT_EMIT_LOC_STRINGS = YES;
				SWIFT_VERSION = 5.0;
				TARGETED_DEVICE_FAMILY = "1,2";
			};
			name = Release;
		};
		6BAC42162924CD9F00A58F0E /* Debug */ = {
			isa = XCBuildConfiguration;
			buildSettings = {
				ALWAYS_EMBED_SWIFT_STANDARD_LIBRARIES = YES;
				BUNDLE_LOADER = "$(TEST_HOST)";
				CODE_SIGN_STYLE = Automatic;
				CURRENT_PROJECT_VERSION = 1;
				DEVELOPMENT_TEAM = 65KV6R2AGS;
				GENERATE_INFOPLIST_FILE = YES;
				IPHONEOS_DEPLOYMENT_TARGET = 16.1;
				MARKETING_VERSION = 1.0;
				PRODUCT_BUNDLE_IDENTIFIER = Yeolmok.CombineTestTests;
				PRODUCT_NAME = "$(TARGET_NAME)";
				SWIFT_EMIT_LOC_STRINGS = NO;
				SWIFT_VERSION = 5.0;
				TARGETED_DEVICE_FAMILY = "1,2";
				TEST_HOST = "$(BUILT_PRODUCTS_DIR)/CombineTest.app/$(BUNDLE_EXECUTABLE_FOLDER_PATH)/CombineTest";
			};
			name = Debug;
		};
		6BAC42172924CD9F00A58F0E /* Release */ = {
			isa = XCBuildConfiguration;
			buildSettings = {
				ALWAYS_EMBED_SWIFT_STANDARD_LIBRARIES = YES;
				BUNDLE_LOADER = "$(TEST_HOST)";
				CODE_SIGN_STYLE = Automatic;
				CURRENT_PROJECT_VERSION = 1;
				DEVELOPMENT_TEAM = 65KV6R2AGS;
				GENERATE_INFOPLIST_FILE = YES;
				IPHONEOS_DEPLOYMENT_TARGET = 16.1;
				MARKETING_VERSION = 1.0;
				PRODUCT_BUNDLE_IDENTIFIER = Yeolmok.CombineTestTests;
				PRODUCT_NAME = "$(TARGET_NAME)";
				SWIFT_EMIT_LOC_STRINGS = NO;
				SWIFT_VERSION = 5.0;
				TARGETED_DEVICE_FAMILY = "1,2";
				TEST_HOST = "$(BUILT_PRODUCTS_DIR)/CombineTest.app/$(BUNDLE_EXECUTABLE_FOLDER_PATH)/CombineTest";
			};
			name = Release;
		};
		6BAC42192924CD9F00A58F0E /* Debug */ = {
			isa = XCBuildConfiguration;
			buildSettings = {
				ALWAYS_EMBED_SWIFT_STANDARD_LIBRARIES = YES;
				CODE_SIGN_STYLE = Automatic;
				CURRENT_PROJECT_VERSION = 1;
				DEVELOPMENT_TEAM = 65KV6R2AGS;
				GENERATE_INFOPLIST_FILE = YES;
				MARKETING_VERSION = 1.0;
				PRODUCT_BUNDLE_IDENTIFIER = Yeolmok.CombineTestUITests;
				PRODUCT_NAME = "$(TARGET_NAME)";
				SWIFT_EMIT_LOC_STRINGS = NO;
				SWIFT_VERSION = 5.0;
				TARGETED_DEVICE_FAMILY = "1,2";
				TEST_TARGET_NAME = CombineTest;
			};
			name = Debug;
		};
		6BAC421A2924CD9F00A58F0E /* Release */ = {
			isa = XCBuildConfiguration;
			buildSettings = {
				ALWAYS_EMBED_SWIFT_STANDARD_LIBRARIES = YES;
				CODE_SIGN_STYLE = Automatic;
				CURRENT_PROJECT_VERSION = 1;
				DEVELOPMENT_TEAM = 65KV6R2AGS;
				GENERATE_INFOPLIST_FILE = YES;
				MARKETING_VERSION = 1.0;
				PRODUCT_BUNDLE_IDENTIFIER = Yeolmok.CombineTestUITests;
				PRODUCT_NAME = "$(TARGET_NAME)";
				SWIFT_EMIT_LOC_STRINGS = NO;
				SWIFT_VERSION = 5.0;
				TARGETED_DEVICE_FAMILY = "1,2";
				TEST_TARGET_NAME = CombineTest;
			};
			name = Release;
		};
/* End XCBuildConfiguration section */

/* Begin XCConfigurationList section */
		6BAC41E32924CD9D00A58F0E /* Build configuration list for PBXProject "CombineTest" */ = {
			isa = XCConfigurationList;
			buildConfigurations = (
				6BAC42102924CD9F00A58F0E /* Debug */,
				6BAC42112924CD9F00A58F0E /* Release */,
			);
			defaultConfigurationIsVisible = 0;
			defaultConfigurationName = Release;
		};
		6BAC42122924CD9F00A58F0E /* Build configuration list for PBXNativeTarget "CombineTest" */ = {
			isa = XCConfigurationList;
			buildConfigurations = (
				6BAC42132924CD9F00A58F0E /* Debug */,
				6BAC42142924CD9F00A58F0E /* Release */,
			);
			defaultConfigurationIsVisible = 0;
			defaultConfigurationName = Release;
		};
		6BAC42152924CD9F00A58F0E /* Build configuration list for PBXNativeTarget "CombineTestTests" */ = {
			isa = XCConfigurationList;
			buildConfigurations = (
				6BAC42162924CD9F00A58F0E /* Debug */,
				6BAC42172924CD9F00A58F0E /* Release */,
			);
			defaultConfigurationIsVisible = 0;
			defaultConfigurationName = Release;
		};
		6BAC42182924CD9F00A58F0E /* Build configuration list for PBXNativeTarget "CombineTestUITests" */ = {
			isa = XCConfigurationList;
			buildConfigurations = (
				6BAC42192924CD9F00A58F0E /* Debug */,
				6BAC421A2924CD9F00A58F0E /* Release */,
			);
			defaultConfigurationIsVisible = 0;
			defaultConfigurationName = Release;
		};
/* End XCConfigurationList section */

/* Begin XCRemoteSwiftPackageReference section */
		6B3E003D292E204200779994 /* XCRemoteSwiftPackageReference "SnapKit" */ = {
			isa = XCRemoteSwiftPackageReference;
			repositoryURL = "https://github.com/SnapKit/SnapKit.git";
			requirement = {
				kind = upToNextMajorVersion;
				minimumVersion = 5.0.1;
			};
		};
/* End XCRemoteSwiftPackageReference section */

/* Begin XCSwiftPackageProductDependency section */
		6B3E003E292E204200779994 /* SnapKit */ = {
			isa = XCSwiftPackageProductDependency;
			package = 6B3E003D292E204200779994 /* XCRemoteSwiftPackageReference "SnapKit" */;
			productName = SnapKit;
		};
/* End XCSwiftPackageProductDependency section */
	};
	rootObject = 6BAC41E02924CD9D00A58F0E /* Project object */;
}
